
Microsoft Visual Studio Solution File, Format Version 12.00
Project("{FAE04EC0-301F-11D3-BF4B-00C04F79EFBC}") = "KPZExamServer", "KPZExamServer\KPZExamServer.csproj", "{8C971D3B-38C2-4F0B-B2C9-8E95544C5ADB}"
EndProject
Global
	GlobalSection(SolutionConfigurationPlatforms) = preSolution
		Debug|Any CPU = Debug|Any CPU
		Release|Any CPU = Release|Any CPU
	EndGlobalSection
	GlobalSection(ProjectConfigurationPlatforms) = postSolution
		{8C971D3B-38C2-4F0B-B2C9-8E95544C5ADB}.Debug|Any CPU.ActiveCfg = Debug|Any CPU
		{8C971D3B-38C2-4F0B-B2C9-8E95544C5ADB}.Debug|Any CPU.Build.0 = Debug|Any CPU
		{8C971D3B-38C2-4F0B-B2C9-8E95544C5ADB}.Release|Any CPU.ActiveCfg = Release|Any CPU
		{8C971D3B-38C2-4F0B-B2C9-8E95544C5ADB}.Release|Any CPU.Build.0 = Release|Any CPU
	EndGlobalSection
EndGlobal
